// !$*UTF8*$!
{
	archiveVersion = 1;
	classes = {
	};
	objectVersion = 46;
	objects = {

/* Begin PBXAggregateTarget section */
		A34AE64B63F1F70FE59B315D /* Qt Preprocess */ = {
			isa = PBXAggregateTarget;
			buildConfigurationList = 6CC3B5D2136C7CD6A5CF5A59 /* Build configuration list for PBXNativeTarget "aquis" */;
			buildPhases = (
				5E618435888B9D49F8540165 /* Qt Qmake */,
				7EF0942E79C014DCEC8976BC /* Qt Preprocessors */,
			);
			dependencies = (
			);
			name = "Qt Preprocess";
			productName = "Qt Preprocess";
		};
/* End PBXAggregateTarget section */

/* Begin PBXBuildFile section */
		11AFD6F151782839D8A2750C /* dummy.cpp in Compile Sources */ = {isa = PBXBuildFile; fileRef = 11F76B65BE080190A4D69131 /* dummy.cpp */; settings = {ATTRIBUTES = (); }; };
		13429E637EDF095A3A938BDA /* moc_mainwindow.cpp in Compile Sources */ = {isa = PBXBuildFile; fileRef = 5B4941665ED09445A6BAD243 /* moc_mainwindow.cpp */; settings = {ATTRIBUTES = (); }; };
		31F5EE318CBBDCCACCCA3491 /* QtCore.framework in Link Binary With Libraries */ = {isa = PBXBuildFile; fileRef = F86E8D3BAE6BF3F107CC1421 /* QtCore.framework */; };
		4E29E16C558240BFAC4E7CBD /* main.cpp in Compile Sources */ = {isa = PBXBuildFile; fileRef = 24E92AB6921CB96F98140DA3 /* main.cpp */; settings = {ATTRIBUTES = (); }; };
		8771A8C96E9C391044035D99 /* OpenGL.framework in Link Binary With Libraries */ = {isa = PBXBuildFile; fileRef = D4B32C2222F82AC56BADEB21 /* OpenGL.framework */; };
		8D267F2E4776F0ECA2F49DC8 /* IOKit.framework in Link Binary With Libraries */ = {isa = PBXBuildFile; fileRef = A1A67BEAA744704B29168D39 /* IOKit.framework */; };
		9887B6B23D47BC46EC7E11C1 /* QtGui.framework in Link Binary With Libraries */ = {isa = PBXBuildFile; fileRef = 29CD04F802630A54ABBFAE7F /* QtGui.framework */; };
		9E7E87601FB76F9700AB7E84 /* AppIcon.icns in Copy Bundle Resources */ = {isa = PBXBuildFile; fileRef = 81B9D4773BB5DEC3D26AC8FD /* AppIcon.icns */; };
		9E863C052C4005EF31E103B2 /* mainwindow.cpp in Compile Sources */ = {isa = PBXBuildFile; fileRef = 9C8334B0A42721443ABB15C4 /* mainwindow.cpp */; settings = {ATTRIBUTES = (); }; };
		A99B2AA0F9CBBDD12BA126A4 /* DiskArbitration.framework in Link Binary With Libraries */ = {isa = PBXBuildFile; fileRef = 2B774D8E4178765CE52EAAF5 /* DiskArbitration.framework */; };
		B46B38CBF5EF9FB5C33A466C /* qrc_resource.cpp in Compile Sources */ = {isa = PBXBuildFile; fileRef = 9174C55086E17960512B8C79 /* qrc_resource.cpp */; settings = {ATTRIBUTES = (); }; };
		B537134372803027546F936E /* QtWidgets.framework in Link Binary With Libraries */ = {isa = PBXBuildFile; fileRef = 26FB077F01E285C42AEF1627 /* QtWidgets.framework */; };
		E45E51A644D5FC9F942ECE55 /* AGL.framework in Link Binary With Libraries */ = {isa = PBXBuildFile; fileRef = 8D9815BDB5BD9F90D2BC05C5 /* AGL.framework */; };
/* End PBXBuildFile section */

/* Begin PBXContainerItemProxy section */
		9E7E875F1FB76F4A00AB7E84 /* PBXContainerItemProxy */ = {
			isa = PBXContainerItemProxy;
			containerPortal = 6DB9C3763D02B1415CD9D565 /* Project object */;
			proxyType = 1;
			remoteGlobalIDString = A34AE64B63F1F70FE59B315D;
			remoteInfo = "Qt Preprocess";
		};
/* End PBXContainerItemProxy section */

/* Begin PBXCopyFilesBuildPhase section */
		99542592E9780B9225F24AA8 /* Embed Frameworks */ = {
			isa = PBXCopyFilesBuildPhase;
			buildActionMask = 2147483647;
			dstPath = "";
			dstSubfolderSpec = 10;
			files = (
			);
			name = "Embed Frameworks";
			runOnlyForDeploymentPostprocessing = 0;
		};
/* End PBXCopyFilesBuildPhase section */

/* Begin PBXFileReference section */
		0560DB070C242C8844BB08D2 /* .qmake.stash */ = {isa = PBXFileReference; lastKnownFileType = text; name = .qmake.stash; path = /Users/constantindullo/Documents/aquis/.qmake.stash; sourceTree = "<absolute>"; };
		11F76B65BE080190A4D69131 /* dummy.cpp */ = {isa = PBXFileReference; lastKnownFileType = sourcecode.cpp.cpp; name = dummy.cpp; path = /usr/local/Cellar/qt/5.9.1/mkspecs/features/data/dummy.cpp; sourceTree = "<absolute>"; };
		13D1AF1A54D5BEAC2FC2CA12 /* resource.qrc */ = {isa = PBXFileReference; lastKnownFileType = text; name = resource.qrc; path = /Users/constantindullo/Documents/aquis/resources/resource.qrc; sourceTree = "<absolute>"; };
		1A6A9A160E048D80C78FF539 /* mainwindow.h */ = {isa = PBXFileReference; lastKnownFileType = sourcecode.c.h; name = mainwindow.h; path = /Users/constantindullo/Documents/aquis/aquis/mainwindow.h; sourceTree = "<absolute>"; };
		24E92AB6921CB96F98140DA3 /* main.cpp */ = {isa = PBXFileReference; lastKnownFileType = sourcecode.cpp.cpp; name = main.cpp; path = /Users/constantindullo/Documents/aquis/aquis/main.cpp; sourceTree = "<absolute>"; };
		26FB077F01E285C42AEF1627 /* QtWidgets.framework */ = {isa = PBXFileReference; lastKnownFileType = wrapper.framework; name = QtWidgets.framework; path = /usr/local/Cellar/qt/5.9.1/lib/QtWidgets.framework; sourceTree = "<absolute>"; };
		29CD04F802630A54ABBFAE7F /* QtGui.framework */ = {isa = PBXFileReference; lastKnownFileType = wrapper.framework; name = QtGui.framework; path = /usr/local/Cellar/qt/5.9.1/lib/QtGui.framework; sourceTree = "<absolute>"; };
		2B774D8E4178765CE52EAAF5 /* DiskArbitration.framework */ = {isa = PBXFileReference; lastKnownFileType = wrapper.framework; name = DiskArbitration.framework; path = /System/Library/Frameworks/DiskArbitration.framework; sourceTree = "<absolute>"; };
		5B4941665ED09445A6BAD243 /* moc_mainwindow.cpp */ = {isa = PBXFileReference; lastKnownFileType = sourcecode.cpp.cpp; name = moc_mainwindow.cpp; path = /Users/constantindullo/Documents/aquis/moc_mainwindow.cpp; sourceTree = "<absolute>"; };
		5D482861080688BE56CE5608 /* ui_mainwindow.h */ = {isa = PBXFileReference; lastKnownFileType = sourcecode.c.h; name = ui_mainwindow.h; path = /Users/constantindullo/Documents/aquis/ui_mainwindow.h; sourceTree = "<absolute>"; };
		7744AFEED63C5AA9D25BA967 /* mainwindow.ui */ = {isa = PBXFileReference; lastKnownFileType = text; name = mainwindow.ui; path = /Users/constantindullo/Documents/aquis/aquis/mainwindow.ui; sourceTree = "<absolute>"; };
		7A5514C0DB3E1B2CE2F6FD09 /* aquis.pro */ = {isa = PBXFileReference; lastKnownFileType = text; name = aquis.pro; path = /Users/constantindullo/Documents/aquis/aquis.pro; sourceTree = "<absolute>"; };
		7B1C5C46576D18F3C00DCFBA /* aquis.app */ = {isa = PBXFileReference; explicitFileType = wrapper.application; includeInIndex = 0; path = aquis.app; sourceTree = BUILT_PRODUCTS_DIR; };
		81B9D4773BB5DEC3D26AC8FD /* AppIcon.icns */ = {isa = PBXFileReference; lastKnownFileType = image.icns; name = AppIcon.icns; path = /Users/constantindullo/Documents/aquis/resources/AppIcon.icns; sourceTree = "<absolute>"; };
		8D9815BDB5BD9F90D2BC05C5 /* AGL.framework */ = {isa = PBXFileReference; lastKnownFileType = wrapper.framework; name = AGL.framework; path = /System/Library/Frameworks/AGL.framework; sourceTree = "<absolute>"; };
		9174C55086E17960512B8C79 /* qrc_resource.cpp */ = {isa = PBXFileReference; lastKnownFileType = sourcecode.cpp.cpp; name = qrc_resource.cpp; path = /Users/constantindullo/Documents/aquis/qrc_resource.cpp; sourceTree = "<absolute>"; };
		9C8334B0A42721443ABB15C4 /* mainwindow.cpp */ = {isa = PBXFileReference; lastKnownFileType = sourcecode.cpp.cpp; name = mainwindow.cpp; path = /Users/constantindullo/Documents/aquis/aquis/mainwindow.cpp; sourceTree = "<absolute>"; };
		A1A67BEAA744704B29168D39 /* IOKit.framework */ = {isa = PBXFileReference; lastKnownFileType = wrapper.framework; name = IOKit.framework; path = /System/Library/Frameworks/IOKit.framework; sourceTree = "<absolute>"; };
		D4B32C2222F82AC56BADEB21 /* OpenGL.framework */ = {isa = PBXFileReference; lastKnownFileType = wrapper.framework; name = OpenGL.framework; path = /System/Library/Frameworks/OpenGL.framework; sourceTree = "<absolute>"; };
		F86E8D3BAE6BF3F107CC1421 /* QtCore.framework */ = {isa = PBXFileReference; lastKnownFileType = wrapper.framework; name = QtCore.framework; path = /usr/local/Cellar/qt/5.9.1/lib/QtCore.framework; sourceTree = "<absolute>"; };
/* End PBXFileReference section */

/* Begin PBXFrameworksBuildPhase section */
		D1C883685E82D5676953459A /* Link Binary With Libraries */ = {
			isa = PBXFrameworksBuildPhase;
			buildActionMask = 2147483647;
			files = (
				B537134372803027546F936E /* QtWidgets.framework in Link Binary With Libraries */,
				9887B6B23D47BC46EC7E11C1 /* QtGui.framework in Link Binary With Libraries */,
				31F5EE318CBBDCCACCCA3491 /* QtCore.framework in Link Binary With Libraries */,
				A99B2AA0F9CBBDD12BA126A4 /* DiskArbitration.framework in Link Binary With Libraries */,
				8D267F2E4776F0ECA2F49DC8 /* IOKit.framework in Link Binary With Libraries */,
				8771A8C96E9C391044035D99 /* OpenGL.framework in Link Binary With Libraries */,
				E45E51A644D5FC9F942ECE55 /* AGL.framework in Link Binary With Libraries */,
			);
			name = "Link Binary With Libraries";
			runOnlyForDeploymentPostprocessing = 0;
		};
/* End PBXFrameworksBuildPhase section */

/* Begin PBXGroup section */
		12E908B8A1C3C07C115504F5 /* Sources [uic] */ = {
			isa = PBXGroup;
			children = (
				D57DFC362D459F23B98EDF87 /* aquis */,
			);
			name = "Sources [uic]";
			sourceTree = "<group>";
		};
		25B08E2869634E9BCBA333A2 /* Generated Sources */ = {
			isa = PBXGroup;
			children = (
				9174C55086E17960512B8C79 /* qrc_resource.cpp */,
				5B4941665ED09445A6BAD243 /* moc_mainwindow.cpp */,
				5D482861080688BE56CE5608 /* ui_mainwindow.h */,
			);
			name = "Generated Sources";
			sourceTree = "<group>";
		};
		2AE5075E893C7B07A29253C2 /* resources */ = {
			isa = PBXGroup;
			children = (
				13D1AF1A54D5BEAC2FC2CA12 /* resource.qrc */,
			);
			name = resources;
			sourceTree = "<group>";
		};
		2EB56BE3C2D93CDAB0C52E67 /* Sources */ = {
			isa = PBXGroup;
			children = (
				AE5DC031D23AC18D6798CC81 /* aquis */,
				77E0C25297C865DC0C63E61E /* resources */,
			);
			name = Sources;
			sourceTree = "<group>";
		};
		74B182DB50CB5611B5C1C297 /* Supporting Files */ = {
			isa = PBXGroup;
			children = (
				7A5514C0DB3E1B2CE2F6FD09 /* aquis.pro */,
				0560DB070C242C8844BB08D2 /* .qmake.stash */,
				83516E99D4C16EEF61269200 /* resources */,
			);
			name = "Supporting Files";
			sourceTree = "<group>";
		};
		77E0C25297C865DC0C63E61E /* resources */ = {
			isa = PBXGroup;
			children = (
				81B9D4773BB5DEC3D26AC8FD /* AppIcon.icns */,
			);
			name = resources;
			sourceTree = "<group>";
		};
		83516E99D4C16EEF61269200 /* resources */ = {
			isa = PBXGroup;
			children = (
			);
			name = resources;
			sourceTree = "<group>";
		};
		87DF60DE337FB58864343E39 /* Resources */ = {
			isa = PBXGroup;
			children = (
				2AE5075E893C7B07A29253C2 /* resources */,
			);
			name = Resources;
			sourceTree = "<group>";
		};
		AE5DC031D23AC18D6798CC81 /* aquis */ = {
			isa = PBXGroup;
			children = (
				24E92AB6921CB96F98140DA3 /* main.cpp */,
				9C8334B0A42721443ABB15C4 /* mainwindow.cpp */,
				1A6A9A160E048D80C78FF539 /* mainwindow.h */,
			);
			name = aquis;
			sourceTree = "<group>";
		};
		AF39DD055C3EF8226FBE929D /* Frameworks */ = {
			isa = PBXGroup;
			children = (
				26FB077F01E285C42AEF1627 /* QtWidgets.framework */,
				29CD04F802630A54ABBFAE7F /* QtGui.framework */,
				F86E8D3BAE6BF3F107CC1421 /* QtCore.framework */,
				2B774D8E4178765CE52EAAF5 /* DiskArbitration.framework */,
				A1A67BEAA744704B29168D39 /* IOKit.framework */,
				D4B32C2222F82AC56BADEB21 /* OpenGL.framework */,
				8D9815BDB5BD9F90D2BC05C5 /* AGL.framework */,
			);
			name = Frameworks;
			sourceTree = "<group>";
		};
		B8254625CFD509ED2A24A166 /* Sources [moc_predefs] */ = {
			isa = PBXGroup;
			children = (
				11F76B65BE080190A4D69131 /* dummy.cpp */,
			);
			name = "Sources [moc_predefs]";
			sourceTree = "<group>";
		};
		D57DFC362D459F23B98EDF87 /* aquis */ = {
			isa = PBXGroup;
			children = (
				7744AFEED63C5AA9D25BA967 /* mainwindow.ui */,
			);
			name = aquis;
			sourceTree = "<group>";
		};
		E8C543AB96796ECAA2E65C57 /* aquis */ = {
			isa = PBXGroup;
			children = (
				2EB56BE3C2D93CDAB0C52E67 /* Sources */,
				25B08E2869634E9BCBA333A2 /* Generated Sources */,
				74B182DB50CB5611B5C1C297 /* Supporting Files */,
				87DF60DE337FB58864343E39 /* Resources */,
				B8254625CFD509ED2A24A166 /* Sources [moc_predefs] */,
				12E908B8A1C3C07C115504F5 /* Sources [uic] */,
				AF39DD055C3EF8226FBE929D /* Frameworks */,
				FE0A091FDBFB3E9C31B7A1BD /* Products */,
			);
			name = aquis;
			sourceTree = "<group>";
		};
		FE0A091FDBFB3E9C31B7A1BD /* Products */ = {
			isa = PBXGroup;
			children = (
				7B1C5C46576D18F3C00DCFBA /* aquis.app */,
			);
			name = Products;
			sourceTree = "<group>";
		};
/* End PBXGroup section */

/* Begin PBXNativeTarget section */
		0FE83B7A28C8EC5BF24ED706 /* aquis */ = {
			isa = PBXNativeTarget;
			buildConfigurationList = 6CC3B5D2136C7CD6A5CF5A59 /* Build configuration list for PBXNativeTarget "aquis" */;
			buildPhases = (
				F7E50F631C51CD5B5DC0BC43 /* Compile Sources */,
				D1C883685E82D5676953459A /* Link Binary With Libraries */,
				30414803F31797EB689AE508 /* Copy Bundle Resources */,
				99542592E9780B9225F24AA8 /* Embed Frameworks */,
			);
			buildRules = (
			);
			dependencies = (
				421B97B1EB067A89B3798940 /* PBXTargetDependency */,
			);
			name = aquis;
			productName = aquis;
			productReference = 7B1C5C46576D18F3C00DCFBA /* aquis.app */;
			productType = "com.apple.product-type.application";
		};
/* End PBXNativeTarget section */

/* Begin PBXProject section */
		6DB9C3763D02B1415CD9D565 /* Project object */ = {
			isa = PBXProject;
			attributes = {
				TargetAttributes = {
					0FE83B7A28C8EC5BF24ED706 = {
						DevelopmentTeam = 5E4BT23UU3;
					};
					A34AE64B63F1F70FE59B315D = {
						DevelopmentTeam = 5E4BT23UU3;
					};
				};
			};
			buildConfigurationList = DAC4C1AA5EDEA1C85E9CA5E6 /* Build configuration list for PBXProject "aquis" */;
			compatibilityVersion = "Xcode 3.2";
			developmentRegion = en;
			hasScannedForEncodings = 1;
			knownRegions = (
				en,
			);
			mainGroup = E8C543AB96796ECAA2E65C57 /* aquis */;
			productRefGroup = FE0A091FDBFB3E9C31B7A1BD /* Products */;
			projectDirPath = "";
			projectRoot = "";
			targets = (
				0FE83B7A28C8EC5BF24ED706 /* aquis */,
				A34AE64B63F1F70FE59B315D /* Qt Preprocess */,
			);
		};
/* End PBXProject section */

/* Begin PBXResourcesBuildPhase section */
		30414803F31797EB689AE508 /* Copy Bundle Resources */ = {
			isa = PBXResourcesBuildPhase;
			buildActionMask = 2147483647;
			files = (
				9E7E87601FB76F9700AB7E84 /* AppIcon.icns in Copy Bundle Resources */,
			);
			name = "Copy Bundle Resources";
			runOnlyForDeploymentPostprocessing = 0;
		};
/* End PBXResourcesBuildPhase section */

/* Begin PBXShellScriptBuildPhase section */
		5E618435888B9D49F8540165 /* Qt Qmake */ = {
			isa = PBXShellScriptBuildPhase;
			buildActionMask = 2147483647;
			files = (
			);
			name = "Qt Qmake";
			runOnlyForDeploymentPostprocessing = 0;
			shellPath = /bin/sh;
			shellScript = "make -C /Users/constantindullo/Documents/aquis/ -f aquis.xcodeproj/qt_makeqmake.mak";
			showEnvVarsInLog = 0;
		};
		7EF0942E79C014DCEC8976BC /* Qt Preprocessors */ = {
			isa = PBXShellScriptBuildPhase;
			buildActionMask = 2147483647;
			files = (
			);
			name = "Qt Preprocessors";
			runOnlyForDeploymentPostprocessing = 0;
			shellPath = /bin/sh;
			shellScript = "make -C /Users/constantindullo/Documents/aquis/ -f aquis.xcodeproj/qt_preprocess.mak";
			showEnvVarsInLog = 0;
		};
/* End PBXShellScriptBuildPhase section */

/* Begin PBXSourcesBuildPhase section */
		F7E50F631C51CD5B5DC0BC43 /* Compile Sources */ = {
			isa = PBXSourcesBuildPhase;
			buildActionMask = 2147483647;
			files = (
				4E29E16C558240BFAC4E7CBD /* main.cpp in Compile Sources */,
				9E863C052C4005EF31E103B2 /* mainwindow.cpp in Compile Sources */,
				B46B38CBF5EF9FB5C33A466C /* qrc_resource.cpp in Compile Sources */,
				13429E637EDF095A3A938BDA /* moc_mainwindow.cpp in Compile Sources */,
				11AFD6F151782839D8A2750C /* dummy.cpp in Compile Sources */,
			);
			name = "Compile Sources";
			runOnlyForDeploymentPostprocessing = 0;
		};
/* End PBXSourcesBuildPhase section */

/* Begin PBXTargetDependency section */
		421B97B1EB067A89B3798940 /* PBXTargetDependency */ = {
			isa = PBXTargetDependency;
			target = A34AE64B63F1F70FE59B315D /* Qt Preprocess */;
			targetProxy = 9E7E875F1FB76F4A00AB7E84 /* PBXContainerItemProxy */;
		};
/* End PBXTargetDependency section */

/* Begin XCBuildConfiguration section */
		339EE1B2CC4FC24589A0EA95 /* Release */ = {
			isa = XCBuildConfiguration;
			buildSettings = {
				APPLICATION_EXTENSION_API_ONLY = NO;
				ARCHS = x86_64;
				"ARCHS[sdk=macosx*]" = x86_64;
				CC = /Applications/Xcode.app/Contents/Developer/Toolchains/XcodeDefault.xctoolchain/usr/bin/clang;
				COPY_PHASE_STRIP = YES;
				DEVELOPMENT_TEAM = 5E4BT23UU3;
				DYLIB_COMPATIBILITY_VERSION = 1.0;
				DYLIB_CURRENT_VERSION = 1.0.0;
				ENABLE_BITCODE = NO;
				FRAMEWORK_SEARCH_PATHS = (
					/usr/local/Cellar/qt/5.9.1/lib,
					/usr/local/Cellar/qt/5.9.1/lib,
				);
				GCC_GENERATE_DEBUGGING_SYMBOLS = NO;
				GCC_VERSION = com.apple.compilers.llvm.clang.1_0;
				HEADER_SEARCH_PATHS = (
					.,
					/usr/local/Cellar/qt/5.9.1/lib/QtWidgets.framework/Headers,
					/usr/local/Cellar/qt/5.9.1/lib/QtGui.framework/Headers,
					/usr/local/Cellar/qt/5.9.1/lib/QtCore.framework/Headers,
					.,
					/Applications/Xcode.app/Contents/Developer/Platforms/MacOSX.platform/Developer/SDKs/MacOSX10.13.sdk/System/Library/Frameworks/OpenGL.framework/Headers,
					/Applications/Xcode.app/Contents/Developer/Platforms/MacOSX.platform/Developer/SDKs/MacOSX10.13.sdk/System/Library/Frameworks/AGL.framework/Headers,
					.,
					"/usr/local/Cellar/qt/5.9.1/mkspecs/macx-clang",
				);
				INFOPLIST_FILE = Info.plist;
				LDPLUSPLUS = "/Applications/Xcode.app/Contents/Developer/Toolchains/XcodeDefault.xctoolchain/usr/bin/clang++";
				LIBRARY_SEARCH_PATHS = (
					/usr/local/Cellar/qt/5.9.1/lib,
					/System/Library/Frameworks/,
				);
				MACOSX_DEPLOYMENT_TARGET = 10.10;
				OTHER_CFLAGS = (
					"-pipe",
					"-O2",
					"-Wall",
					"-W",
					"-fPIC",
					"-DQT_DEPRECATED_WARNINGS",
					"-DQT_NO_DEBUG",
					"-DQT_WIDGETS_LIB",
					"-DQT_GUI_LIB",
					"-DQT_CORE_LIB",
				);
				OTHER_CPLUSPLUSFLAGS = (
					"-pipe",
					"-stdlib=libc++",
					"-O2",
					"-std=gnu++11",
					"-Wall",
					"-W",
					"-fPIC",
					"-DQT_DEPRECATED_WARNINGS",
					"-DQT_NO_DEBUG",
					"-DQT_WIDGETS_LIB",
					"-DQT_GUI_LIB",
					"-DQT_CORE_LIB",
				);
				OTHER_LDFLAGS = (
					"-stdlib=libc++",
					"-headerpad_max_install_names",
					"-Wl,-rpath,@executable_path/Frameworks",
					"-F/usr/local/Cellar/qt/5.9.1/lib",
				);
				PRODUCT_NAME = aquis;
				QT_LIBRARY_SUFFIX = "";
				SDKROOT = macosx;
				SYMROOT = /Users/constantindullo/Documents/aquis/;
			};
			name = Release;
		};
		3AA6C32AC930069E80220CF1 /* Debug */ = {
			isa = XCBuildConfiguration;
			buildSettings = {
				APPLICATION_EXTENSION_API_ONLY = NO;
				ARCHS = x86_64;
				"ARCHS[sdk=macosx*]" = x86_64;
				CC = /Applications/Xcode.app/Contents/Developer/Toolchains/XcodeDefault.xctoolchain/usr/bin/clang;
				COPY_PHASE_STRIP = NO;
				DEVELOPMENT_TEAM = 5E4BT23UU3;
				DYLIB_COMPATIBILITY_VERSION = 1.0;
				DYLIB_CURRENT_VERSION = 1.0.0;
				ENABLE_BITCODE = NO;
				FRAMEWORK_SEARCH_PATHS = (
					/usr/local/Cellar/qt/5.9.1/lib,
					/usr/local/Cellar/qt/5.9.1/lib,
				);
				GCC_GENERATE_DEBUGGING_SYMBOLS = YES;
				GCC_OPTIMIZATION_LEVEL = 0;
				GCC_VERSION = com.apple.compilers.llvm.clang.1_0;
				HEADER_SEARCH_PATHS = (
					.,
					/usr/local/Cellar/qt/5.9.1/lib/QtWidgets.framework/Headers,
					/usr/local/Cellar/qt/5.9.1/lib/QtGui.framework/Headers,
					/usr/local/Cellar/qt/5.9.1/lib/QtCore.framework/Headers,
					.,
					/Applications/Xcode.app/Contents/Developer/Platforms/MacOSX.platform/Developer/SDKs/MacOSX10.13.sdk/System/Library/Frameworks/OpenGL.framework/Headers,
					/Applications/Xcode.app/Contents/Developer/Platforms/MacOSX.platform/Developer/SDKs/MacOSX10.13.sdk/System/Library/Frameworks/AGL.framework/Headers,
					.,
					"/usr/local/Cellar/qt/5.9.1/mkspecs/macx-clang",
				);
				INFOPLIST_FILE = Info.plist;
				LDPLUSPLUS = "/Applications/Xcode.app/Contents/Developer/Toolchains/XcodeDefault.xctoolchain/usr/bin/clang++";
				LIBRARY_SEARCH_PATHS = (
					/usr/local/Cellar/qt/5.9.1/lib,
					/System/Library/Frameworks/,
				);
				MACOSX_DEPLOYMENT_TARGET = 10.10;
				ONLY_ACTIVE_ARCH = YES;
				OTHER_CFLAGS = (
					"-pipe",
					"-O2",
					"-Wall",
					"-W",
					"-fPIC",
					"-DQT_DEPRECATED_WARNINGS",
					"-DQT_NO_DEBUG",
					"-DQT_WIDGETS_LIB",
					"-DQT_GUI_LIB",
					"-DQT_CORE_LIB",
				);
				OTHER_CPLUSPLUSFLAGS = (
					"-pipe",
					"-stdlib=libc++",
					"-O2",
					"-std=gnu++11",
					"-Wall",
					"-W",
					"-fPIC",
					"-DQT_DEPRECATED_WARNINGS",
					"-DQT_NO_DEBUG",
					"-DQT_WIDGETS_LIB",
					"-DQT_GUI_LIB",
					"-DQT_CORE_LIB",
				);
				OTHER_LDFLAGS = (
					"-stdlib=libc++",
					"-headerpad_max_install_names",
					"-Wl,-rpath,@executable_path/Frameworks",
					"-F/usr/local/Cellar/qt/5.9.1/lib",
				);
				PRODUCT_NAME = aquis;
				QT_LIBRARY_SUFFIX = "";
				SDKROOT = macosx;
				SYMROOT = /Users/constantindullo/Documents/aquis/;
			};
			name = Debug;
		};
		6666AA5E688052234F6758D8 /* Release */ = {
			isa = XCBuildConfiguration;
			buildSettings = {
				APPLICATION_EXTENSION_API_ONLY = NO;
				"ARCHS[sdk=macosx*]" = x86_64;
				COPY_PHASE_STRIP = YES;
				DEVELOPMENT_TEAM = 5E4BT23UU3;
				ENABLE_BITCODE = NO;
				GCC_GENERATE_DEBUGGING_SYMBOLS = NO;
				PRODUCT_NAME = aquis;
				QT_LIBRARY_SUFFIX = "";
				SDKROOT = macosx;
			};
			name = Release;
		};
		77418F46922677BB04ED38DD /* Debug */ = {
			isa = XCBuildConfiguration;
			buildSettings = {
				APPLICATION_EXTENSION_API_ONLY = NO;
				"ARCHS[sdk=macosx*]" = x86_64;
				COPY_PHASE_STRIP = NO;
				DEVELOPMENT_TEAM = 5E4BT23UU3;
				ENABLE_BITCODE = NO;
				GCC_GENERATE_DEBUGGING_SYMBOLS = YES;
				GCC_OPTIMIZATION_LEVEL = 0;
				ONLY_ACTIVE_ARCH = YES;
				PRODUCT_NAME = aquis;
				QT_LIBRARY_SUFFIX = "";
				SDKROOT = macosx;
			};
			name = Debug;
		};
/* End XCBuildConfiguration section */

/* Begin XCConfigurationList section */
		6CC3B5D2136C7CD6A5CF5A59 /* Build configuration list for PBXNativeTarget "aquis" */ = {
			isa = XCConfigurationList;
			buildConfigurations = (
				77418F46922677BB04ED38DD /* Debug */,
				6666AA5E688052234F6758D8 /* Release */,
			);
			defaultConfigurationIsVisible = 0;
			defaultConfigurationName = Release;
		};
		DAC4C1AA5EDEA1C85E9CA5E6 /* Build configuration list for PBXProject "aquis" */ = {
			isa = XCConfigurationList;
			buildConfigurations = (
				3AA6C32AC930069E80220CF1 /* Debug */,
				339EE1B2CC4FC24589A0EA95 /* Release */,
			);
			defaultConfigurationIsVisible = 0;
			defaultConfigurationName = Release;
		};
/* End XCConfigurationList section */
	};
	rootObject = 6DB9C3763D02B1415CD9D565 /* Project object */;
}
